github.com/hugoinaction/AcmeCommon v0.0.0-20220201175810-87390b83462d h1:fMTuPi1Xaqkk6wjTDan7Z1Lp6aIakZOCj8NlXfuOz8U=
github.com/hugoinaction/AcmeCommon v0.0.0-20220201175810-87390b83462d/go.mod h1:C9/TZoRRcat2ivTzO1tKCA7nGni/8PyFIlvNPr3vOo4=
github.com/hugoinaction/AcmeSupport v0.0.0-20220201175812-abfd2f9e63bb h1:/eD7Qha/pqYvcJClZxhEEL1dtfziO4OhFdJHs8GMLbQ=
github.com/hugoinaction/AcmeSupport v0.0.0-20220201175812-abfd2f9e63bb/go.mod h1:kGNexn9VmQvIar/+RG6cW2Q1daLa/QPwWCLLX/N7gNA=
github.com/hugoinaction/AcmeTheme v0.8.0 h1:4JBRn+DsyHGqvFF5MfB1HkM9Q3ZBuvYNIYHdOM1qc6Q=
github.com/hugoinaction/AcmeTheme v0.8.0/go.mod h1:naygfZKSDEHJpSCSNXIzPp8oNxzX4Wg9t7SY9XZg8+8=
github.com/hugoinaction/TermsAndPrivacy v0.0.0-20200223231951-1c7c1972007a h1:pJIHysSc7qVpIdVbVnRyqw27iApGv8ld7l5amtIKjdg=
github.com/hugoinaction/TermsAndPrivacy v0.0.0-20200223231951-1c7c1972007a/go.mod h1:SKLyKoQovP9Eq2onrKoJg9nk2ncwqv5T6li5aMsD4/Q=
github.com/hugoinaction/hugo-debug-utils v0.0.0-20211028054537-1bc4208d4235 h1:IM2+lsGrnHZ+gEAFIiVEXBWx6cbaNrn5khFQLLWdNws=
github.com/hugoinaction/hugo-debug-utils v0.0.0-20211028054537-1bc4208d4235/go.mod h1:YA0Taxzbbqz9oEvtMUW/uuPRE2v93r0WPMLkWaqiuBs=
